
Microsoft Visual Studio Solution File, Format Version 12.00
# Visual Studio Version 17
VisualStudioVersion = 17.7.34202.233
MinimumVisualStudioVersion = 10.0.40219.1
Project("{9A19103F-16F7-4668-BE54-9A1E7A4F7556}") = "D365FL.Dataverse.PluginHelper.SamplePlugin", "D365FL.Dataverse.PluginHelper.SamplePlugin\D365FL.Dataverse.PluginHelper.SamplePlugin.csproj", "{8E340500-4D6A-4CB9-B21B-6A258C9EBD4F}"
EndProject
Project("{FAE04EC0-301F-11D3-BF4B-00C04F79EFBC}") = "D365FL.Dataverse.PluginHelper.Core", "D365FL.Dataverse.PluginHelper.Core\D365FL.Dataverse.PluginHelper.Core.csproj", "{03C7DF94-A77A-4F86-BDDD-9F3C25F8D43E}"
EndProject
Project("{FAE04EC0-301F-11D3-BF4B-00C04F79EFBC}") = "D365FL.Dataverse.PluginHelper.Core.UnitTests", "D365FL.Dataverse.PluginHelper.Core.UnitTests\D365FL.Dataverse.PluginHelper.Core.UnitTests.csproj", "{F92B2D73-767E-4CFD-83DC-C13F002F1A82}"
EndProject
Project("{2150E333-8FDC-42A3-9474-1A3956D46DE8}") = "Tests", "Tests", "{369FF3AC-91F1-4C9D-9959-BAD1E70A2DD8}"
EndProject
Project("{2150E333-8FDC-42A3-9474-1A3956D46DE8}") = "Documentation", "Documentation", "{E53EDAD1-F515-4B64-99E0-E968C186D010}"
	ProjectSection(SolutionItems) = preProject
		Documentation\001_ValidateConfig.md = Documentation\001_ValidateConfig.md
		Documentation\002_ValidateTriggers.md = Documentation\002_ValidateTriggers.md
		Documentation\003_ExecuteLogic.md = Documentation\003_ExecuteLogic.md
		Documentation\004_OnlySaveDataIfItHasChanged.md = Documentation\004_OnlySaveDataIfItHasChanged.md
		Documentation\005_HowToUseTheDiffrentOrgServices - Copy.md = Documentation\005_HowToUseTheDiffrentOrgServices - Copy.md
		Documentation\006_ErrorHandling.md = Documentation\006_ErrorHandling.md
		Documentation\007_Config.md = Documentation\007_Config.md
		Documentation\008_ParentChildPlugins.md = Documentation\008_ParentChildPlugins.md
		Documentation\009_Deployments.md = Documentation\009_Deployments.md
		Documentation\010_Testing.md = Documentation\010_Testing.md
		Documentation\011_PreventativeMaintenance.md = Documentation\011_PreventativeMaintenance.md
		Documentation\Samples\Associate.md = Documentation\Samples\Associate.md
		Documentation\Samples\Delete.md = Documentation\Samples\Delete.md
		README.md = README.md
	EndProjectSection
EndProject
Project("{2150E333-8FDC-42A3-9474-1A3956D46DE8}") = "Samples", "Samples", "{A62E9A03-0DB0-4B7A-AFAE-D821567A9284}"
	ProjectSection(SolutionItems) = preProject
		Documentation\Samples\Sampe_PreOperation_Create.md = Documentation\Samples\Sampe_PreOperation_Create.md
		Documentation\Samples\Sampe_PreOperation_Update.md = Documentation\Samples\Sampe_PreOperation_Update.md
		Documentation\Samples\Sampe_PreValidation_Create.md = Documentation\Samples\Sampe_PreValidation_Create.md
		Documentation\Samples\Sampe_PreValidation_Update.md = Documentation\Samples\Sampe_PreValidation_Update.md
	EndProjectSection
EndProject
Global
	GlobalSection(SolutionConfigurationPlatforms) = preSolution
		Debug|Any CPU = Debug|Any CPU
		Release|Any CPU = Release|Any CPU
	EndGlobalSection
	GlobalSection(ProjectConfigurationPlatforms) = postSolution
		{8E340500-4D6A-4CB9-B21B-6A258C9EBD4F}.Debug|Any CPU.ActiveCfg = Debug|Any CPU
		{8E340500-4D6A-4CB9-B21B-6A258C9EBD4F}.Debug|Any CPU.Build.0 = Debug|Any CPU
		{8E340500-4D6A-4CB9-B21B-6A258C9EBD4F}.Release|Any CPU.ActiveCfg = Release|Any CPU
		{8E340500-4D6A-4CB9-B21B-6A258C9EBD4F}.Release|Any CPU.Build.0 = Release|Any CPU
		{03C7DF94-A77A-4F86-BDDD-9F3C25F8D43E}.Debug|Any CPU.ActiveCfg = Debug|Any CPU
		{03C7DF94-A77A-4F86-BDDD-9F3C25F8D43E}.Debug|Any CPU.Build.0 = Debug|Any CPU
		{03C7DF94-A77A-4F86-BDDD-9F3C25F8D43E}.Release|Any CPU.ActiveCfg = Release|Any CPU
		{03C7DF94-A77A-4F86-BDDD-9F3C25F8D43E}.Release|Any CPU.Build.0 = Release|Any CPU
		{F92B2D73-767E-4CFD-83DC-C13F002F1A82}.Debug|Any CPU.ActiveCfg = Debug|Any CPU
		{F92B2D73-767E-4CFD-83DC-C13F002F1A82}.Debug|Any CPU.Build.0 = Debug|Any CPU
		{F92B2D73-767E-4CFD-83DC-C13F002F1A82}.Release|Any CPU.ActiveCfg = Release|Any CPU
		{F92B2D73-767E-4CFD-83DC-C13F002F1A82}.Release|Any CPU.Build.0 = Release|Any CPU
	EndGlobalSection
	GlobalSection(SolutionProperties) = preSolution
		HideSolutionNode = FALSE
	EndGlobalSection
	GlobalSection(NestedProjects) = preSolution
		{F92B2D73-767E-4CFD-83DC-C13F002F1A82} = {369FF3AC-91F1-4C9D-9959-BAD1E70A2DD8}
		{A62E9A03-0DB0-4B7A-AFAE-D821567A9284} = {E53EDAD1-F515-4B64-99E0-E968C186D010}
	EndGlobalSection
	GlobalSection(ExtensibilityGlobals) = postSolution
		SolutionGuid = {1DE04C78-1AC7-4B5A-99C1-0523EA0503F2}
	EndGlobalSection
EndGlobal
